
Microsoft Visual Studio Solution File, Format Version 12.00
# Visual Studio Version 16
VisualStudioVersion = 16.0.30406.217
MinimumVisualStudioVersion = 10.0.40219.1
Project("{FAE04EC0-301F-11D3-BF4B-00C04F79EFBC}") = "jsonCreate", "json.Create\jsonCreate.csproj", "{DB2EF36A-AE1B-408A-9BC3-1514F4F8205D}"
EndProject
Global
	GlobalSection(SolutionConfigurationPlatforms) = preSolution
		Debug|Any CPU = Debug|Any CPU
		Release|Any CPU = Release|Any CPU
	EndGlobalSection
	GlobalSection(ProjectConfigurationPlatforms) = postSolution
		{DB2EF36A-AE1B-408A-9BC3-1514F4F8205D}.Debug|Any CPU.ActiveCfg = Debug|Any CPU
		{DB2EF36A-AE1B-408A-9BC3-1514F4F8205D}.Debug|Any CPU.Build.0 = Debug|Any CPU
		{DB2EF36A-AE1B-408A-9BC3-1514F4F8205D}.Release|Any CPU.ActiveCfg = Release|Any CPU
		{DB2EF36A-AE1B-408A-9BC3-1514F4F8205D}.Release|Any CPU.Build.0 = Release|Any CPU
	EndGlobalSection
	GlobalSection(SolutionProperties) = preSolution
		HideSolutionNode = FALSE
	EndGlobalSection
	GlobalSection(ExtensibilityGlobals) = postSolution
		SolutionGuid = {F929AEFF-A48A-430C-B903-873A1DD3AE70}
	EndGlobalSection
EndGlobal
